// !$*UTF8*$!
{
	archiveVersion = 1;
	classes = {
	};
	objectVersion = 77;
	objects = {

/* Begin PBXBuildFile section */
		629AA09E2D7A836900B32248 /* AudioManager.swift in Sources */ = {isa = PBXBuildFile; fileRef = 629AA09D2D7A836900B32248 /* AudioManager.swift */; };
		629AA0A02D7B94F300B32248 /* MedoraApp.swift in Sources */ = {isa = PBXBuildFile; fileRef = 629AA09F2D7B94F300B32248 /* MedoraApp.swift */; };
		629AA0A62D7B9DD900B32248 /* Medora.entitlements.xml in Resources */ = {isa = PBXBuildFile; fileRef = 629AA0A52D7B9DC200B32248 /* Medora.entitlements.xml */; };
		629C97DF2D652BF400992BF4 /* Speech.framework in Frameworks */ = {isa = PBXBuildFile; fileRef = 629C97DE2D652BF400992BF4 /* Speech.framework */; };
		629C97E92D657F1800992BF4 /* ContentView.swift in Sources */ = {isa = PBXBuildFile; fileRef = 629C97E82D657F1200992BF4 /* ContentView.swift */; };
/* End PBXBuildFile section */

/* Begin PBXContainerItemProxy section */
		629C97AE2D651D9700992BF4 /* PBXContainerItemProxy */ = {
			isa = PBXContainerItemProxy;
			containerPortal = 629C97922D651D9600992BF4 /* Project object */;
			proxyType = 1;
			remoteGlobalIDString = 629C97992D651D9600992BF4;
			remoteInfo = Medora;
		};
		629C97B82D651D9700992BF4 /* PBXContainerItemProxy */ = {
			isa = PBXContainerItemProxy;
			containerPortal = 629C97922D651D9600992BF4 /* Project object */;
			proxyType = 1;
			remoteGlobalIDString = 629C97992D651D9600992BF4;
			remoteInfo = Medora;
		};
/* End PBXContainerItemProxy section */

/* Begin PBXFileReference section */
		629AA09D2D7A836900B32248 /* AudioManager.swift */ = {isa = PBXFileReference; lastKnownFileType = sourcecode.swift; path = AudioManager.swift; sourceTree = "<group>"; };
		629AA09F2D7B94F300B32248 /* MedoraApp.swift */ = {isa = PBXFileReference; lastKnownFileType = sourcecode.swift; path = MedoraApp.swift; sourceTree = "<group>"; };
		629AA0A52D7B9DC200B32248 /* Medora.entitlements.xml */ = {isa = PBXFileReference; lastKnownFileType = text.xml; path = Medora.entitlements.xml; sourceTree = "<group>"; };
		629C979A2D651D9600992BF4 /* Medora.app */ = {isa = PBXFileReference; explicitFileType = wrapper.application; includeInIndex = 0; path = Medora.app; sourceTree = BUILT_PRODUCTS_DIR; };
		629C97AD2D651D9700992BF4 /* MedoraTests.xctest */ = {isa = PBXFileReference; explicitFileType = wrapper.cfbundle; includeInIndex = 0; path = MedoraTests.xctest; sourceTree = BUILT_PRODUCTS_DIR; };
		629C97B72D651D9700992BF4 /* MedoraUITests.xctest */ = {isa = PBXFileReference; explicitFileType = wrapper.cfbundle; includeInIndex = 0; path = MedoraUITests.xctest; sourceTree = BUILT_PRODUCTS_DIR; };
		629C97DC2D65295F00992BF4 /* Medora.xctestplan */ = {isa = PBXFileReference; lastKnownFileType = text; path = Medora.xctestplan; sourceTree = "<group>"; };
		629C97DE2D652BF400992BF4 /* Speech.framework */ = {isa = PBXFileReference; lastKnownFileType = wrapper.framework; name = Speech.framework; path = Platforms/iPhoneOS.platform/Developer/SDKs/iPhoneOS18.2.sdk/System/Library/Frameworks/Speech.framework; sourceTree = DEVELOPER_DIR; };
		629C97E82D657F1200992BF4 /* ContentView.swift */ = {isa = PBXFileReference; lastKnownFileType = sourcecode.swift; path = ContentView.swift; sourceTree = "<group>"; };
/* End PBXFileReference section */

/* Begin PBXFileSystemSynchronizedRootGroup section */
		629C979C2D651D9600992BF4 /* Medora */ = {
			isa = PBXFileSystemSynchronizedRootGroup;
			path = Medora;
			sourceTree = "<group>";
		};
		629C97B02D651D9700992BF4 /* MedoraTests */ = {
			isa = PBXFileSystemSynchronizedRootGroup;
			path = MedoraTests;
			sourceTree = "<group>";
		};
		629C97BA2D651D9700992BF4 /* MedoraUITests */ = {
			isa = PBXFileSystemSynchronizedRootGroup;
			path = MedoraUITests;
			sourceTree = "<group>";
		};
/* End PBXFileSystemSynchronizedRootGroup section */

/* Begin PBXFrameworksBuildPhase section */
		629C97972D651D9600992BF4 /* Frameworks */ = {
			isa = PBXFrameworksBuildPhase;
			buildActionMask = 2147483647;
			files = (
				629C97DF2D652BF400992BF4 /* Speech.framework in Frameworks */,
			);
			runOnlyForDeploymentPostprocessing = 0;
		};
		629C97AA2D651D9700992BF4 /* Frameworks */ = {
			isa = PBXFrameworksBuildPhase;
			buildActionMask = 2147483647;
			files = (
			);
			runOnlyForDeploymentPostprocessing = 0;
		};
		629C97B42D651D9700992BF4 /* Frameworks */ = {
			isa = PBXFrameworksBuildPhase;
			buildActionMask = 2147483647;
			files = (
			);
			runOnlyForDeploymentPostprocessing = 0;
		};
/* End PBXFrameworksBuildPhase section */

/* Begin PBXGroup section */
		629C97912D651D9600992BF4 = {
			isa = PBXGroup;
			children = (
				629AA0A52D7B9DC200B32248 /* Medora.entitlements.xml */,
				629AA09F2D7B94F300B32248 /* MedoraApp.swift */,
				629C97E82D657F1200992BF4 /* ContentView.swift */,
				629AA09D2D7A836900B32248 /* AudioManager.swift */,
				629C97DC2D65295F00992BF4 /* Medora.xctestplan */,
				629C979C2D651D9600992BF4 /* Medora */,
				629C97B02D651D9700992BF4 /* MedoraTests */,
				629C97BA2D651D9700992BF4 /* MedoraUITests */,
				629C97DD2D652BF400992BF4 /* Frameworks */,
				629C979B2D651D9600992BF4 /* Products */,
			);
			sourceTree = "<group>";
		};
		629C979B2D651D9600992BF4 /* Products */ = {
			isa = PBXGroup;
			children = (
				629C979A2D651D9600992BF4 /* Medora.app */,
				629C97AD2D651D9700992BF4 /* MedoraTests.xctest */,
				629C97B72D651D9700992BF4 /* MedoraUITests.xctest */,
			);
			name = Products;
			sourceTree = "<group>";
		};
		629C97DD2D652BF400992BF4 /* Frameworks */ = {
			isa = PBXGroup;
			children = (
				629C97DE2D652BF400992BF4 /* Speech.framework */,
			);
			name = Frameworks;
			sourceTree = "<group>";
		};
/* End PBXGroup section */

/* Begin PBXNativeTarget section */
		629C97992D651D9600992BF4 /* Medora */ = {
			isa = PBXNativeTarget;
			buildConfigurationList = 629C97C12D651D9700992BF4 /* Build configuration list for PBXNativeTarget "Medora" */;
			buildPhases = (
				629C97962D651D9600992BF4 /* Sources */,
				629C97972D651D9600992BF4 /* Frameworks */,
				629C97982D651D9600992BF4 /* Resources */,
			);
			buildRules = (
			);
			dependencies = (
			);
			fileSystemSynchronizedGroups = (
				629C979C2D651D9600992BF4 /* Medora */,
			);
			name = Medora;
			packageProductDependencies = (
			);
			productName = Medora;
			productReference = 629C979A2D651D9600992BF4 /* Medora.app */;
			productType = "com.apple.product-type.application";
		};
		629C97AC2D651D9700992BF4 /* MedoraTests */ = {
			isa = PBXNativeTarget;
			buildConfigurationList = 629C97C42D651D9700992BF4 /* Build configuration list for PBXNativeTarget "MedoraTests" */;
			buildPhases = (
				629C97A92D651D9700992BF4 /* Sources */,
				629C97AA2D651D9700992BF4 /* Frameworks */,
				629C97AB2D651D9700992BF4 /* Resources */,
			);
			buildRules = (
			);
			dependencies = (
				629C97AF2D651D9700992BF4 /* PBXTargetDependency */,
			);
			fileSystemSynchronizedGroups = (
				629C97B02D651D9700992BF4 /* MedoraTests */,
			);
			name = MedoraTests;
			packageProductDependencies = (
			);
			productName = MedoraTests;
			productReference = 629C97AD2D651D9700992BF4 /* MedoraTests.xctest */;
			productType = "com.apple.product-type.bundle.unit-test";
		};
		629C97B62D651D9700992BF4 /* MedoraUITests */ = {
			isa = PBXNativeTarget;
			buildConfigurationList = 629C97C72D651D9700992BF4 /* Build configuration list for PBXNativeTarget "MedoraUITests" */;
			buildPhases = (
				629C97B32D651D9700992BF4 /* Sources */,
				629C97B42D651D9700992BF4 /* Frameworks */,
				629C97B52D651D9700992BF4 /* Resources */,
			);
			buildRules = (
			);
			dependencies = (
				629C97B92D651D9700992BF4 /* PBXTargetDependency */,
			);
			fileSystemSynchronizedGroups = (
				629C97BA2D651D9700992BF4 /* MedoraUITests */,
			);
			name = MedoraUITests;
			packageProductDependencies = (
			);
			productName = MedoraUITests;
			productReference = 629C97B72D651D9700992BF4 /* MedoraUITests.xctest */;
			productType = "com.apple.product-type.bundle.ui-testing";
		};
/* End PBXNativeTarget section */

/* Begin PBXProject section */
		629C97922D651D9600992BF4 /* Project object */ = {
			isa = PBXProject;
			attributes = {
				BuildIndependentTargetsInParallel = 1;
				LastSwiftUpdateCheck = 1620;
				LastUpgradeCheck = 1620;
				TargetAttributes = {
					629C97992D651D9600992BF4 = {
						CreatedOnToolsVersion = 16.2;
					};
					629C97AC2D651D9700992BF4 = {
						CreatedOnToolsVersion = 16.2;
						TestTargetID = 629C97992D651D9600992BF4;
					};
					629C97B62D651D9700992BF4 = {
						CreatedOnToolsVersion = 16.2;
						TestTargetID = 629C97992D651D9600992BF4;
					};
				};
			};
			buildConfigurationList = 629C97952D651D9600992BF4 /* Build configuration list for PBXProject "Medora" */;
			developmentRegion = en;
			hasScannedForEncodings = 0;
			knownRegions = (
				en,
				Base,
			);
			mainGroup = 629C97912D651D9600992BF4;
			minimizedProjectReferenceProxies = 1;
			preferredProjectObjectVersion = 77;
			productRefGroup = 629C979B2D651D9600992BF4 /* Products */;
			projectDirPath = "";
			projectRoot = "";
			targets = (
				629C97992D651D9600992BF4 /* Medora */,
				629C97AC2D651D9700992BF4 /* MedoraTests */,
				629C97B62D651D9700992BF4 /* MedoraUITests */,
			);
		};
/* End PBXProject section */

/* Begin PBXResourcesBuildPhase section */
		629C97982D651D9600992BF4 /* Resources */ = {
			isa = PBXResourcesBuildPhase;
			buildActionMask = 2147483647;
			files = (
				629AA0A62D7B9DD900B32248 /* Medora.entitlements.xml in Resources */,
			);
			runOnlyForDeploymentPostprocessing = 0;
		};
		629C97AB2D651D9700992BF4 /* Resources */ = {
			isa = PBXResourcesBuildPhase;
			buildActionMask = 2147483647;
			files = (
			);
			runOnlyForDeploymentPostprocessing = 0;
		};
		629C97B52D651D9700992BF4 /* Resources */ = {
			isa = PBXResourcesBuildPhase;
			buildActionMask = 2147483647;
			files = (
			);
			runOnlyForDeploymentPostprocessing = 0;
		};
/* End PBXResourcesBuildPhase section */

/* Begin PBXSourcesBuildPhase section */
		629C97962D651D9600992BF4 /* Sources */ = {
			isa = PBXSourcesBuildPhase;
			buildActionMask = 2147483647;
			files = (
				629AA09E2D7A836900B32248 /* AudioManager.swift in Sources */,
				629C97E92D657F1800992BF4 /* ContentView.swift in Sources */,
				629AA0A02D7B94F300B32248 /* MedoraApp.swift in Sources */,
			);
			runOnlyForDeploymentPostprocessing = 0;
		};
		629C97A92D651D9700992BF4 /* Sources */ = {
			isa = PBXSourcesBuildPhase;
			buildActionMask = 2147483647;
			files = (
			);
			runOnlyForDeploymentPostprocessing = 0;
		};
		629C97B32D651D9700992BF4 /* Sources */ = {
			isa = PBXSourcesBuildPhase;
			buildActionMask = 2147483647;
			files = (
			);
			runOnlyForDeploymentPostprocessing = 0;
		};
/* End PBXSourcesBuildPhase section */

/* Begin PBXTargetDependency section */
		629C97AF2D651D9700992BF4 /* PBXTargetDependency */ = {
			isa = PBXTargetDependency;
			target = 629C97992D651D9600992BF4 /* Medora */;
			targetProxy = 629C97AE2D651D9700992BF4 /* PBXContainerItemProxy */;
		};
		629C97B92D651D9700992BF4 /* PBXTargetDependency */ = {
			isa = PBXTargetDependency;
			target = 629C97992D651D9600992BF4 /* Medora */;
			targetProxy = 629C97B82D651D9700992BF4 /* PBXContainerItemProxy */;
		};
/* End PBXTargetDependency section */

/* Begin XCBuildConfiguration section */
		629C97BF2D651D9700992BF4 /* Debug */ = {
			isa = XCBuildConfiguration;
			buildSettings = {
				ALWAYS_SEARCH_USER_PATHS = NO;
				ASSETCATALOG_COMPILER_GENERATE_SWIFT_ASSET_SYMBOL_EXTENSIONS = YES;
				CLANG_ANALYZER_NONNULL = YES;
				CLANG_ANALYZER_NUMBER_OBJECT_CONVERSION = YES_AGGRESSIVE;
				CLANG_CXX_LANGUAGE_STANDARD = "gnu++20";
				CLANG_ENABLE_MODULES = YES;
				CLANG_ENABLE_OBJC_ARC = YES;
				CLANG_ENABLE_OBJC_WEAK = YES;
				CLANG_WARN_BLOCK_CAPTURE_AUTORELEASING = YES;
				CLANG_WARN_BOOL_CONVERSION = YES;
				CLANG_WARN_COMMA = YES;
				CLANG_WARN_CONSTANT_CONVERSION = YES;
				CLANG_WARN_DEPRECATED_OBJC_IMPLEMENTATIONS = YES;
				CLANG_WARN_DIRECT_OBJC_ISA_USAGE = YES_ERROR;
				CLANG_WARN_DOCUMENTATION_COMMENTS = YES;
				CLANG_WARN_EMPTY_BODY = YES;
				CLANG_WARN_ENUM_CONVERSION = YES;
				CLANG_WARN_INFINITE_RECURSION = YES;
				CLANG_WARN_INT_CONVERSION = YES;
				CLANG_WARN_NON_LITERAL_NULL_CONVERSION = YES;
				CLANG_WARN_OBJC_IMPLICIT_RETAIN_SELF = YES;
				CLANG_WARN_OBJC_LITERAL_CONVERSION = YES;
				CLANG_WARN_OBJC_ROOT_CLASS = YES_ERROR;
				CLANG_WARN_QUOTED_INCLUDE_IN_FRAMEWORK_HEADER = YES;
				CLANG_WARN_RANGE_LOOP_ANALYSIS = YES;
				CLANG_WARN_STRICT_PROTOTYPES = YES;
				CLANG_WARN_SUSPICIOUS_MOVE = YES;
				CLANG_WARN_UNGUARDED_AVAILABILITY = YES_AGGRESSIVE;
				CLANG_WARN_UNREACHABLE_CODE = YES;
				CLANG_WARN__DUPLICATE_METHOD_MATCH = YES;
				COPY_PHASE_STRIP = NO;
				DEBUG_INFORMATION_FORMAT = dwarf;
				ENABLE_STRICT_OBJC_MSGSEND = YES;
				ENABLE_TESTABILITY = YES;
				ENABLE_USER_SCRIPT_SANDBOXING = YES;
				GCC_C_LANGUAGE_STANDARD = gnu17;
				GCC_DYNAMIC_NO_PIC = NO;
				GCC_NO_COMMON_BLOCKS = YES;
				GCC_OPTIMIZATION_LEVEL = 0;
				GCC_PREPROCESSOR_DEFINITIONS = (
					"DEBUG=1",
					"$(inherited)",
				);
				GCC_WARN_64_TO_32_BIT_CONVERSION = YES;
				GCC_WARN_ABOUT_RETURN_TYPE = YES_ERROR;
				GCC_WARN_UNDECLARED_SELECTOR = YES;
				GCC_WARN_UNINITIALIZED_AUTOS = YES_AGGRESSIVE;
				GCC_WARN_UNUSED_FUNCTION = YES;
				GCC_WARN_UNUSED_VARIABLE = YES;
				INFOPLIST_FILE = Medora/Info.plist;
				LOCALIZATION_PREFERS_STRING_CATALOGS = YES;
				MTL_ENABLE_DEBUG_INFO = INCLUDE_SOURCE;
				MTL_FAST_MATH = YES;
				ONLY_ACTIVE_ARCH = YES;
				SWIFT_ACTIVE_COMPILATION_CONDITIONS = "DEBUG $(inherited)";
				SWIFT_OPTIMIZATION_LEVEL = "-Onone";
			};
			name = Debug;
		};
		629C97C02D651D9700992BF4 /* Release */ = {
			isa = XCBuildConfiguration;
			buildSettings = {
				ALWAYS_SEARCH_USER_PATHS = NO;
				ASSETCATALOG_COMPILER_GENERATE_SWIFT_ASSET_SYMBOL_EXTENSIONS = YES;
				CLANG_ANALYZER_NONNULL = YES;
				CLANG_ANALYZER_NUMBER_OBJECT_CONVERSION = YES_AGGRESSIVE;
				CLANG_CXX_LANGUAGE_STANDARD = "gnu++20";
				CLANG_ENABLE_MODULES = YES;
				CLANG_ENABLE_OBJC_ARC = YES;
				CLANG_ENABLE_OBJC_WEAK = YES;
				CLANG_WARN_BLOCK_CAPTURE_AUTORELEASING = YES;
				CLANG_WARN_BOOL_CONVERSION = YES;
				CLANG_WARN_COMMA = YES;
				CLANG_WARN_CONSTANT_CONVERSION = YES;
				CLANG_WARN_DEPRECATED_OBJC_IMPLEMENTATIONS = YES;
				CLANG_WARN_DIRECT_OBJC_ISA_USAGE = YES_ERROR;
				CLANG_WARN_DOCUMENTATION_COMMENTS = YES;
				CLANG_WARN_EMPTY_BODY = YES;
				CLANG_WARN_ENUM_CONVERSION = YES;
				CLANG_WARN_INFINITE_RECURSION = YES;
				CLANG_WARN_INT_CONVERSION = YES;
				CLANG_WARN_NON_LITERAL_NULL_CONVERSION = YES;
				CLANG_WARN_OBJC_IMPLICIT_RETAIN_SELF = YES;
				CLANG_WARN_OBJC_LITERAL_CONVERSION = YES;
				CLANG_WARN_OBJC_ROOT_CLASS = YES_ERROR;
				CLANG_WARN_QUOTED_INCLUDE_IN_FRAMEWORK_HEADER = YES;
				CLANG_WARN_RANGE_LOOP_ANALYSIS = YES;
				CLANG_WARN_STRICT_PROTOTYPES = YES;
				CLANG_WARN_SUSPICIOUS_MOVE = YES;
				CLANG_WARN_UNGUARDED_AVAILABILITY = YES_AGGRESSIVE;
				CLANG_WARN_UNREACHABLE_CODE = YES;
				CLANG_WARN__DUPLICATE_METHOD_MATCH = YES;
				COPY_PHASE_STRIP = NO;
				DEBUG_INFORMATION_FORMAT = "dwarf-with-dsym";
				ENABLE_NS_ASSERTIONS = NO;
				ENABLE_STRICT_OBJC_MSGSEND = YES;
				ENABLE_USER_SCRIPT_SANDBOXING = YES;
				GCC_C_LANGUAGE_STANDARD = gnu17;
				GCC_NO_COMMON_BLOCKS = YES;
				GCC_WARN_64_TO_32_BIT_CONVERSION = YES;
				GCC_WARN_ABOUT_RETURN_TYPE = YES_ERROR;
				GCC_WARN_UNDECLARED_SELECTOR = YES;
				GCC_WARN_UNINITIALIZED_AUTOS = YES_AGGRESSIVE;
				GCC_WARN_UNUSED_FUNCTION = YES;
				GCC_WARN_UNUSED_VARIABLE = YES;
				INFOPLIST_FILE = Medora/Info.plist;
				LOCALIZATION_PREFERS_STRING_CATALOGS = YES;
				MTL_ENABLE_DEBUG_INFO = NO;
				MTL_FAST_MATH = YES;
				SWIFT_COMPILATION_MODE = wholemodule;
			};
			name = Release;
		};
		629C97C22D651D9700992BF4 /* Debug */ = {
			isa = XCBuildConfiguration;
			buildSettings = {
				ASSETCATALOG_COMPILER_APPICON_NAME = AppIcon;
				ASSETCATALOG_COMPILER_GLOBAL_ACCENT_COLOR_NAME = AccentColor;
				CODE_SIGN_ENTITLEMENTS = Medora/Medora.entitlements;
				CODE_SIGN_IDENTITY = "Sign to Run Locally";
				"CODE_SIGN_IDENTITY[sdk=macosx*]" = "-";
				CODE_SIGN_STYLE = Manual;
				CURRENT_PROJECT_VERSION = 1;
				DEVELOPMENT_ASSET_PATHS = "\"Medora/Preview Content\"";
				DEVELOPMENT_TEAM = NONE;
				"DEVELOPMENT_TEAM[sdk=macosx*]" = "";
				ENABLE_HARDENED_RUNTIME = NO;
				ENABLE_PREVIEWS = YES;
				GENERATE_INFOPLIST_FILE = YES;
				INFOPLIST_FILE = /Users/pankajsabharwal/Desktop/Medora/Medora/Info.plist;
				"INFOPLIST_KEY_UIApplicationSceneManifest_Generation[sdk=iphoneos*]" = YES;
				"INFOPLIST_KEY_UIApplicationSceneManifest_Generation[sdk=iphonesimulator*]" = YES;
				"INFOPLIST_KEY_UIApplicationSupportsIndirectInputEvents[sdk=iphoneos*]" = YES;
				"INFOPLIST_KEY_UIApplicationSupportsIndirectInputEvents[sdk=iphonesimulator*]" = YES;
				"INFOPLIST_KEY_UILaunchScreen_Generation[sdk=iphoneos*]" = YES;
				"INFOPLIST_KEY_UILaunchScreen_Generation[sdk=iphonesimulator*]" = YES;
				"INFOPLIST_KEY_UIStatusBarStyle[sdk=iphoneos*]" = UIStatusBarStyleDefault;
				"INFOPLIST_KEY_UIStatusBarStyle[sdk=iphonesimulator*]" = UIStatusBarStyleDefault;
				INFOPLIST_KEY_UISupportedInterfaceOrientations_iPad = "UIInterfaceOrientationPortrait UIInterfaceOrientationPortraitUpsideDown UIInterfaceOrientationLandscapeLeft UIInterfaceOrientationLandscapeRight";
				INFOPLIST_KEY_UISupportedInterfaceOrientations_iPhone = "UIInterfaceOrientationPortrait UIInterfaceOrientationLandscapeLeft UIInterfaceOrientationLandscapeRight";
				INFOPLIST_PREPROCESS = YES;
				IPHONEOS_DEPLOYMENT_TARGET = 18.2;
				LD_RUNPATH_SEARCH_PATHS = "@executable_path/Frameworks";
				"LD_RUNPATH_SEARCH_PATHS[sdk=macosx*]" = "@executable_path/../Frameworks";
				MACOSX_DEPLOYMENT_TARGET = 14.0;
				MARKETING_VERSION = 1.0;
				NEW_SETTING = "";
				PRODUCT_BUNDLE_IDENTIFIER = ai.advanceai.Medora;
				PRODUCT_NAME = "$(TARGET_NAME)";
				SDKROOT = auto;
				SUPPORTED_PLATFORMS = "iphoneos iphonesimulator macosx xros xrsimulator";
				SWIFT_EMIT_LOC_STRINGS = YES;
				SWIFT_VERSION = 5.0;
				TARGETED_DEVICE_FAMILY = "1,2,7";
				XROS_DEPLOYMENT_TARGET = 2.2;
			};
			name = Debug;
		};
		629C97C32D651D9700992BF4 /* Release */ = {
			isa = XCBuildConfiguration;
			buildSettings = {
				ASSETCATALOG_COMPILER_APPICON_NAME = AppIcon;
				ASSETCATALOG_COMPILER_GLOBAL_ACCENT_COLOR_NAME = AccentColor;
				CODE_SIGN_ENTITLEMENTS = Medora/Medora.entitlements;
				CODE_SIGN_IDENTITY = "Sign to Run Locally";
				"CODE_SIGN_IDENTITY[sdk=macosx*]" = "-";
				CODE_SIGN_STYLE = Manual;
				CURRENT_PROJECT_VERSION = 1;
				DEVELOPMENT_ASSET_PATHS = "\"Medora/Preview Content\"";
				DEVELOPMENT_TEAM = NONE;
				"DEVELOPMENT_TEAM[sdk=macosx*]" = "";
				ENABLE_HARDENED_RUNTIME = NO;
				ENABLE_PREVIEWS = YES;
				GENERATE_INFOPLIST_FILE = YES;
				INFOPLIST_FILE = /Users/pankajsabharwal/Desktop/Medora/Medora/Info.plist;
				"INFOPLIST_KEY_UIApplicationSceneManifest_Generation[sdk=iphoneos*]" = YES;
				"INFOPLIST_KEY_UIApplicationSceneManifest_Generation[sdk=iphonesimulator*]" = YES;
				"INFOPLIST_KEY_UIApplicationSupportsIndirectInputEvents[sdk=iphoneos*]" = YES;
				"INFOPLIST_KEY_UIApplicationSupportsIndirectInputEvents[sdk=iphonesimulator*]" = YES;
				"INFOPLIST_KEY_UILaunchScreen_Generation[sdk=iphoneos*]" = YES;
				"INFOPLIST_KEY_UILaunchScreen_Generation[sdk=iphonesimulator*]" = YES;
				"INFOPLIST_KEY_UIStatusBarStyle[sdk=iphoneos*]" = UIStatusBarStyleDefault;
				"INFOPLIST_KEY_UIStatusBarStyle[sdk=iphonesimulator*]" = UIStatusBarStyleDefault;
				INFOPLIST_KEY_UISupportedInterfaceOrientations_iPad = "UIInterfaceOrientationPortrait UIInterfaceOrientationPortraitUpsideDown UIInterfaceOrientationLandscapeLeft UIInterfaceOrientationLandscapeRight";
				INFOPLIST_KEY_UISupportedInterfaceOrientations_iPhone = "UIInterfaceOrientationPortrait UIInterfaceOrientationLandscapeLeft UIInterfaceOrientationLandscapeRight";
				INFOPLIST_PREPROCESS = YES;
				IPHONEOS_DEPLOYMENT_TARGET = 18.2;
				LD_RUNPATH_SEARCH_PATHS = "@executable_path/Frameworks";
				"LD_RUNPATH_SEARCH_PATHS[sdk=macosx*]" = "@executable_path/../Frameworks";
				MACOSX_DEPLOYMENT_TARGET = 14.0;
				MARKETING_VERSION = 1.0;
				NEW_SETTING = "";
				PRODUCT_BUNDLE_IDENTIFIER = ai.advanceai.Medora;
				PRODUCT_NAME = "$(TARGET_NAME)";
				SDKROOT = auto;
				SUPPORTED_PLATFORMS = "iphoneos iphonesimulator macosx xros xrsimulator";
				SWIFT_EMIT_LOC_STRINGS = YES;
				SWIFT_VERSION = 5.0;
				TARGETED_DEVICE_FAMILY = "1,2,7";
				XROS_DEPLOYMENT_TARGET = 2.2;
			};
			name = Release;
		};
		629C97C52D651D9700992BF4 /* Debug */ = {
			isa = XCBuildConfiguration;
			buildSettings = {
				BUNDLE_LOADER = "$(TEST_HOST)";
				CODE_SIGN_STYLE = Automatic;
				CURRENT_PROJECT_VERSION = 1;
				DEVELOPMENT_TEAM = FMP65PU5J7;
				GENERATE_INFOPLIST_FILE = YES;
				IPHONEOS_DEPLOYMENT_TARGET = 18.2;
				MACOSX_DEPLOYMENT_TARGET = 14.6;
				MARKETING_VERSION = 1.0;
				PRODUCT_BUNDLE_IDENTIFIER = ai.advanceai.MedoraTests;
				PRODUCT_NAME = "$(TARGET_NAME)";
				SDKROOT = auto;
				SUPPORTED_PLATFORMS = "iphoneos iphonesimulator macosx xros xrsimulator";
				SWIFT_EMIT_LOC_STRINGS = NO;
				SWIFT_VERSION = 5.0;
				TARGETED_DEVICE_FAMILY = "1,2,7";
				TEST_HOST = "$(BUILT_PRODUCTS_DIR)/Medora.app/$(BUNDLE_EXECUTABLE_FOLDER_PATH)/Medora";
				XROS_DEPLOYMENT_TARGET = 2.2;
			};
			name = Debug;
		};
		629C97C62D651D9700992BF4 /* Release */ = {
			isa = XCBuildConfiguration;
			buildSettings = {
				BUNDLE_LOADER = "$(TEST_HOST)";
				CODE_SIGN_STYLE = Automatic;
				CURRENT_PROJECT_VERSION = 1;
				DEVELOPMENT_TEAM = FMP65PU5J7;
				GENERATE_INFOPLIST_FILE = YES;
				IPHONEOS_DEPLOYMENT_TARGET = 18.2;
				MACOSX_DEPLOYMENT_TARGET = 14.6;
				MARKETING_VERSION = 1.0;
				PRODUCT_BUNDLE_IDENTIFIER = ai.advanceai.MedoraTests;
				PRODUCT_NAME = "$(TARGET_NAME)";
				SDKROOT = auto;
				SUPPORTED_PLATFORMS = "iphoneos iphonesimulator macosx xros xrsimulator";
				SWIFT_EMIT_LOC_STRINGS = NO;
				SWIFT_VERSION = 5.0;
				TARGETED_DEVICE_FAMILY = "1,2,7";
				TEST_HOST = "$(BUILT_PRODUCTS_DIR)/Medora.app/$(BUNDLE_EXECUTABLE_FOLDER_PATH)/Medora";
				XROS_DEPLOYMENT_TARGET = 2.2;
			};
			name = Release;
		};
		629C97C82D651D9700992BF4 /* Debug */ = {
			isa = XCBuildConfiguration;
			buildSettings = {
				CODE_SIGN_STYLE = Automatic;
				CURRENT_PROJECT_VERSION = 1;
				DEVELOPMENT_TEAM = FMP65PU5J7;
				GENERATE_INFOPLIST_FILE = YES;
				IPHONEOS_DEPLOYMENT_TARGET = 18.2;
				MACOSX_DEPLOYMENT_TARGET = 14.6;
				MARKETING_VERSION = 1.0;
				PRODUCT_BUNDLE_IDENTIFIER = ai.advanceai.MedoraUITests;
				PRODUCT_NAME = "$(TARGET_NAME)";
				SDKROOT = auto;
				SUPPORTED_PLATFORMS = "iphoneos iphonesimulator macosx xros xrsimulator";
				SWIFT_EMIT_LOC_STRINGS = NO;
				SWIFT_VERSION = 5.0;
				TARGETED_DEVICE_FAMILY = "1,2,7";
				TEST_TARGET_NAME = Medora;
				XROS_DEPLOYMENT_TARGET = 2.2;
			};
			name = Debug;
		};
		629C97C92D651D9700992BF4 /* Release */ = {
			isa = XCBuildConfiguration;
			buildSettings = {
				CODE_SIGN_STYLE = Automatic;
				CURRENT_PROJECT_VERSION = 1;
				DEVELOPMENT_TEAM = FMP65PU5J7;
				GENERATE_INFOPLIST_FILE = YES;
				IPHONEOS_DEPLOYMENT_TARGET = 18.2;
				MACOSX_DEPLOYMENT_TARGET = 14.6;
				MARKETING_VERSION = 1.0;
				PRODUCT_BUNDLE_IDENTIFIER = ai.advanceai.MedoraUITests;
				PRODUCT_NAME = "$(TARGET_NAME)";
				SDKROOT = auto;
				SUPPORTED_PLATFORMS = "iphoneos iphonesimulator macosx xros xrsimulator";
				SWIFT_EMIT_LOC_STRINGS = NO;
				SWIFT_VERSION = 5.0;
				TARGETED_DEVICE_FAMILY = "1,2,7";
				TEST_TARGET_NAME = Medora;
				XROS_DEPLOYMENT_TARGET = 2.2;
			};
			name = Release;
		};
/* End XCBuildConfiguration section */

/* Begin XCConfigurationList section */
		629C97952D651D9600992BF4 /* Build configuration list for PBXProject "Medora" */ = {
			isa = XCConfigurationList;
			buildConfigurations = (
				629C97BF2D651D9700992BF4 /* Debug */,
				629C97C02D651D9700992BF4 /* Release */,
			);
			defaultConfigurationIsVisible = 0;
			defaultConfigurationName = Release;
		};
		629C97C12D651D9700992BF4 /* Build configuration list for PBXNativeTarget "Medora" */ = {
			isa = XCConfigurationList;
			buildConfigurations = (
				629C97C22D651D9700992BF4 /* Debug */,
				629C97C32D651D9700992BF4 /* Release */,
			);
			defaultConfigurationIsVisible = 0;
			defaultConfigurationName = Release;
		};
		629C97C42D651D9700992BF4 /* Build configuration list for PBXNativeTarget "MedoraTests" */ = {
			isa = XCConfigurationList;
			buildConfigurations = (
				629C97C52D651D9700992BF4 /* Debug */,
				629C97C62D651D9700992BF4 /* Release */,
			);
			defaultConfigurationIsVisible = 0;
			defaultConfigurationName = Release;
		};
		629C97C72D651D9700992BF4 /* Build configuration list for PBXNativeTarget "MedoraUITests" */ = {
			isa = XCConfigurationList;
			buildConfigurations = (
				629C97C82D651D9700992BF4 /* Debug */,
				629C97C92D651D9700992BF4 /* Release */,
			);
			defaultConfigurationIsVisible = 0;
			defaultConfigurationName = Release;
		};
/* End XCConfigurationList section */
	};
	rootObject = 629C97922D651D9600992BF4 /* Project object */;
}
